// !$*UTF8*$!
{
	archiveVersion = 1;
	classes = {
	};
	objectVersion = 50;
	objects = {

/* Begin PBXBuildFile section */
		6898DF13255CA19600000F3C /* GlobalColor.swift in Sources */ = {isa = PBXBuildFile; fileRef = 6898DF12255CA19600000F3C /* GlobalColor.swift */; };
		68B860C82554185300110FEB /* TimeBlocked.swift in Sources */ = {isa = PBXBuildFile; fileRef = 68B860C72554185300110FEB /* TimeBlocked.swift */; };
		68B860CA2554185300110FEB /* ContentView.swift in Sources */ = {isa = PBXBuildFile; fileRef = 68B860C92554185300110FEB /* ContentView.swift */; };
		68B860CC2554185400110FEB /* Assets.xcassets in Resources */ = {isa = PBXBuildFile; fileRef = 68B860CB2554185400110FEB /* Assets.xcassets */; };
		68B860CF2554185400110FEB /* Preview Assets.xcassets in Resources */ = {isa = PBXBuildFile; fileRef = 68B860CE2554185400110FEB /* Preview Assets.xcassets */; };
		68B860D12554185400110FEB /* Persistence.swift in Sources */ = {isa = PBXBuildFile; fileRef = 68B860D02554185400110FEB /* Persistence.swift */; };
		68B860D42554185400110FEB /* BaseCoreData.xcdatamodeld in Sources */ = {isa = PBXBuildFile; fileRef = 68B860D22554185400110FEB /* BaseCoreData.xcdatamodeld */; };
		68B860DF2554185400110FEB /* BaseCoreDataTests.swift in Sources */ = {isa = PBXBuildFile; fileRef = 68B860DE2554185400110FEB /* BaseCoreDataTests.swift */; };
		68B860EA2554185400110FEB /* BaseCoreDataUITests.swift in Sources */ = {isa = PBXBuildFile; fileRef = 68B860E92554185400110FEB /* BaseCoreDataUITests.swift */; };
		68B8613A2556A63200110FEB /* ItemView.swift in Sources */ = {isa = PBXBuildFile; fileRef = 68B861392556A63200110FEB /* ItemView.swift */; };
		68B8613F25574F6600110FEB /* DateSelectionSheet.swift in Sources */ = {isa = PBXBuildFile; fileRef = 68B8613E25574F6600110FEB /* DateSelectionSheet.swift */; };
		68B861B8255941A500110FEB /* DateStorage.swift in Sources */ = {isa = PBXBuildFile; fileRef = 68B861B7255941A500110FEB /* DateStorage.swift */; };
		68B861F7255A9C1300110FEB /* SavedTasksSheet.swift in Sources */ = {isa = PBXBuildFile; fileRef = 68B861F6255A9C1300110FEB /* SavedTasksSheet.swift */; };
		68B86201255A9F7800110FEB /* SettingsView.swift in Sources */ = {isa = PBXBuildFile; fileRef = 68B86200255A9F7800110FEB /* SettingsView.swift */; };
/* End PBXBuildFile section */

/* Begin PBXContainerItemProxy section */
		68B860DB2554185400110FEB /* PBXContainerItemProxy */ = {
			isa = PBXContainerItemProxy;
			containerPortal = 68B860BC2554185300110FEB /* Project object */;
			proxyType = 1;
			remoteGlobalIDString = 68B860C32554185300110FEB;
			remoteInfo = BaseCoreData;
		};
		68B860E62554185400110FEB /* PBXContainerItemProxy */ = {
			isa = PBXContainerItemProxy;
			containerPortal = 68B860BC2554185300110FEB /* Project object */;
			proxyType = 1;
			remoteGlobalIDString = 68B860C32554185300110FEB;
			remoteInfo = BaseCoreData;
		};
/* End PBXContainerItemProxy section */

/* Begin PBXFileReference section */
		6898DF12255CA19600000F3C /* GlobalColor.swift */ = {isa = PBXFileReference; lastKnownFileType = sourcecode.swift; path = GlobalColor.swift; sourceTree = "<group>"; };
		68B860C42554185300110FEB /* ClockBlock.app */ = {isa = PBXFileReference; explicitFileType = wrapper.application; includeInIndex = 0; path = ClockBlock.app; sourceTree = BUILT_PRODUCTS_DIR; };
		68B860C72554185300110FEB /* TimeBlocked.swift */ = {isa = PBXFileReference; lastKnownFileType = sourcecode.swift; path = TimeBlocked.swift; sourceTree = "<group>"; };
		68B860C92554185300110FEB /* ContentView.swift */ = {isa = PBXFileReference; lastKnownFileType = sourcecode.swift; path = ContentView.swift; sourceTree = "<group>"; };
		68B860CB2554185400110FEB /* Assets.xcassets */ = {isa = PBXFileReference; lastKnownFileType = folder.assetcatalog; path = Assets.xcassets; sourceTree = "<group>"; };
		68B860CE2554185400110FEB /* Preview Assets.xcassets */ = {isa = PBXFileReference; lastKnownFileType = folder.assetcatalog; path = "Preview Assets.xcassets"; sourceTree = "<group>"; };
		68B860D02554185400110FEB /* Persistence.swift */ = {isa = PBXFileReference; lastKnownFileType = sourcecode.swift; path = Persistence.swift; sourceTree = "<group>"; };
		68B860D32554185400110FEB /* BaseCoreData.xcdatamodel */ = {isa = PBXFileReference; lastKnownFileType = wrapper.xcdatamodel; path = BaseCoreData.xcdatamodel; sourceTree = "<group>"; };
		68B860D52554185400110FEB /* Info.plist */ = {isa = PBXFileReference; lastKnownFileType = text.plist.xml; path = Info.plist; sourceTree = "<group>"; };
		68B860DA2554185400110FEB /* ClockBlockTests.xctest */ = {isa = PBXFileReference; explicitFileType = wrapper.cfbundle; includeInIndex = 0; path = ClockBlockTests.xctest; sourceTree = BUILT_PRODUCTS_DIR; };
		68B860DE2554185400110FEB /* BaseCoreDataTests.swift */ = {isa = PBXFileReference; lastKnownFileType = sourcecode.swift; path = BaseCoreDataTests.swift; sourceTree = "<group>"; };
		68B860E02554185400110FEB /* Info.plist */ = {isa = PBXFileReference; lastKnownFileType = text.plist.xml; path = Info.plist; sourceTree = "<group>"; };
		68B860E52554185400110FEB /* ClockBlockUITests.xctest */ = {isa = PBXFileReference; explicitFileType = wrapper.cfbundle; includeInIndex = 0; path = ClockBlockUITests.xctest; sourceTree = BUILT_PRODUCTS_DIR; };
		68B860E92554185400110FEB /* BaseCoreDataUITests.swift */ = {isa = PBXFileReference; lastKnownFileType = sourcecode.swift; path = BaseCoreDataUITests.swift; sourceTree = "<group>"; };
		68B860EB2554185400110FEB /* Info.plist */ = {isa = PBXFileReference; lastKnownFileType = text.plist.xml; path = Info.plist; sourceTree = "<group>"; };
		68B861392556A63200110FEB /* ItemView.swift */ = {isa = PBXFileReference; lastKnownFileType = sourcecode.swift; path = ItemView.swift; sourceTree = "<group>"; };
		68B8613E25574F6600110FEB /* DateSelectionSheet.swift */ = {isa = PBXFileReference; lastKnownFileType = sourcecode.swift; path = DateSelectionSheet.swift; sourceTree = "<group>"; };
		68B861B7255941A500110FEB /* DateStorage.swift */ = {isa = PBXFileReference; lastKnownFileType = sourcecode.swift; path = DateStorage.swift; sourceTree = "<group>"; };
		68B861F6255A9C1300110FEB /* SavedTasksSheet.swift */ = {isa = PBXFileReference; lastKnownFileType = sourcecode.swift; path = SavedTasksSheet.swift; sourceTree = "<group>"; };
		68B86200255A9F7800110FEB /* SettingsView.swift */ = {isa = PBXFileReference; lastKnownFileType = sourcecode.swift; path = SettingsView.swift; sourceTree = "<group>"; };
/* End PBXFileReference section */

/* Begin PBXFrameworksBuildPhase section */
		68B860C12554185300110FEB /* Frameworks */ = {
			isa = PBXFrameworksBuildPhase;
			buildActionMask = 2147483647;
			files = (
			);
			runOnlyForDeploymentPostprocessing = 0;
		};
		68B860D72554185400110FEB /* Frameworks */ = {
			isa = PBXFrameworksBuildPhase;
			buildActionMask = 2147483647;
			files = (
			);
			runOnlyForDeploymentPostprocessing = 0;
		};
		68B860E22554185400110FEB /* Frameworks */ = {
			isa = PBXFrameworksBuildPhase;
			buildActionMask = 2147483647;
			files = (
			);
			runOnlyForDeploymentPostprocessing = 0;
		};
/* End PBXFrameworksBuildPhase section */

/* Begin PBXGroup section */
		68B860BB2554185300110FEB = {
			isa = PBXGroup;
			children = (
				68B860C62554185300110FEB /* TimeBlocked */,
				68B860DD2554185400110FEB /* TimeBlockedTests */,
				68B860E82554185400110FEB /* TimeBlockedUITests */,
				68B860C52554185300110FEB /* Products */,
			);
			sourceTree = "<group>";
		};
		68B860C52554185300110FEB /* Products */ = {
			isa = PBXGroup;
			children = (
				68B860C42554185300110FEB /* ClockBlock.app */,
				68B860DA2554185400110FEB /* ClockBlockTests.xctest */,
				68B860E52554185400110FEB /* ClockBlockUITests.xctest */,
			);
			name = Products;
			sourceTree = "<group>";
		};
		68B860C62554185300110FEB /* TimeBlocked */ = {
			isa = PBXGroup;
			children = (
				68B860C72554185300110FEB /* TimeBlocked.swift */,
				68B860C92554185300110FEB /* ContentView.swift */,
				68B86200255A9F7800110FEB /* SettingsView.swift */,
				68B861F6255A9C1300110FEB /* SavedTasksSheet.swift */,
				68B861B7255941A500110FEB /* DateStorage.swift */,
				68B8613E25574F6600110FEB /* DateSelectionSheet.swift */,
				6898DF12255CA19600000F3C /* GlobalColor.swift */,
				68B861392556A63200110FEB /* ItemView.swift */,
				68B860CB2554185400110FEB /* Assets.xcassets */,
				68B860D02554185400110FEB /* Persistence.swift */,
				68B860D52554185400110FEB /* Info.plist */,
				68B860D22554185400110FEB /* BaseCoreData.xcdatamodeld */,
				68B860CD2554185400110FEB /* Preview Content */,
			);
			path = TimeBlocked;
			sourceTree = "<group>";
		};
		68B860CD2554185400110FEB /* Preview Content */ = {
			isa = PBXGroup;
			children = (
				68B860CE2554185400110FEB /* Preview Assets.xcassets */,
			);
			path = "Preview Content";
			sourceTree = "<group>";
		};
		68B860DD2554185400110FEB /* TimeBlockedTests */ = {
			isa = PBXGroup;
			children = (
				68B860DE2554185400110FEB /* BaseCoreDataTests.swift */,
				68B860E02554185400110FEB /* Info.plist */,
			);
			path = TimeBlockedTests;
			sourceTree = "<group>";
		};
		68B860E82554185400110FEB /* TimeBlockedUITests */ = {
			isa = PBXGroup;
			children = (
				68B860E92554185400110FEB /* BaseCoreDataUITests.swift */,
				68B860EB2554185400110FEB /* Info.plist */,
			);
			path = TimeBlockedUITests;
			sourceTree = "<group>";
		};
/* End PBXGroup section */

/* Begin PBXNativeTarget section */
		68B860C32554185300110FEB /* ClockBlock */ = {
			isa = PBXNativeTarget;
			buildConfigurationList = 68B860EE2554185400110FEB /* Build configuration list for PBXNativeTarget "ClockBlock" */;
			buildPhases = (
				68B860C02554185300110FEB /* Sources */,
				68B860C12554185300110FEB /* Frameworks */,
				68B860C22554185300110FEB /* Resources */,
			);
			buildRules = (
			);
			dependencies = (
			);
			name = ClockBlock;
			productName = BaseCoreData;
			productReference = 68B860C42554185300110FEB /* ClockBlock.app */;
			productType = "com.apple.product-type.application";
		};
		68B860D92554185400110FEB /* ClockBlockTests */ = {
			isa = PBXNativeTarget;
			buildConfigurationList = 68B860F12554185400110FEB /* Build configuration list for PBXNativeTarget "ClockBlockTests" */;
			buildPhases = (
				68B860D62554185400110FEB /* Sources */,
				68B860D72554185400110FEB /* Frameworks */,
				68B860D82554185400110FEB /* Resources */,
			);
			buildRules = (
			);
			dependencies = (
				68B860DC2554185400110FEB /* PBXTargetDependency */,
			);
			name = ClockBlockTests;
			productName = BaseCoreDataTests;
			productReference = 68B860DA2554185400110FEB /* ClockBlockTests.xctest */;
			productType = "com.apple.product-type.bundle.unit-test";
		};
		68B860E42554185400110FEB /* ClockBlockUITests */ = {
			isa = PBXNativeTarget;
			buildConfigurationList = 68B860F42554185400110FEB /* Build configuration list for PBXNativeTarget "ClockBlockUITests" */;
			buildPhases = (
				68B860E12554185400110FEB /* Sources */,
				68B860E22554185400110FEB /* Frameworks */,
				68B860E32554185400110FEB /* Resources */,
			);
			buildRules = (
			);
			dependencies = (
				68B860E72554185400110FEB /* PBXTargetDependency */,
			);
			name = ClockBlockUITests;
			productName = BaseCoreDataUITests;
			productReference = 68B860E52554185400110FEB /* ClockBlockUITests.xctest */;
			productType = "com.apple.product-type.bundle.ui-testing";
		};
/* End PBXNativeTarget section */

/* Begin PBXProject section */
		68B860BC2554185300110FEB /* Project object */ = {
			isa = PBXProject;
			attributes = {
				LastSwiftUpdateCheck = 1210;
				LastUpgradeCheck = 1210;
				TargetAttributes = {
					68B860C32554185300110FEB = {
						CreatedOnToolsVersion = 12.1;
					};
					68B860D92554185400110FEB = {
						CreatedOnToolsVersion = 12.1;
						TestTargetID = 68B860C32554185300110FEB;
					};
					68B860E42554185400110FEB = {
						CreatedOnToolsVersion = 12.1;
						TestTargetID = 68B860C32554185300110FEB;
					};
				};
			};
			buildConfigurationList = 68B860BF2554185300110FEB /* Build configuration list for PBXProject "ClockBlock" */;
			compatibilityVersion = "Xcode 9.3";
			developmentRegion = en;
			hasScannedForEncodings = 0;
			knownRegions = (
				en,
				Base,
			);
			mainGroup = 68B860BB2554185300110FEB;
			productRefGroup = 68B860C52554185300110FEB /* Products */;
			projectDirPath = "";
			projectRoot = "";
			targets = (
				68B860C32554185300110FEB /* ClockBlock */,
				68B860D92554185400110FEB /* ClockBlockTests */,
				68B860E42554185400110FEB /* ClockBlockUITests */,
			);
		};
/* End PBXProject section */

/* Begin PBXResourcesBuildPhase section */
		68B860C22554185300110FEB /* Resources */ = {
			isa = PBXResourcesBuildPhase;
			buildActionMask = 2147483647;
			files = (
				68B860CF2554185400110FEB /* Preview Assets.xcassets in Resources */,
				68B860CC2554185400110FEB /* Assets.xcassets in Resources */,
			);
			runOnlyForDeploymentPostprocessing = 0;
		};
		68B860D82554185400110FEB /* Resources */ = {
			isa = PBXResourcesBuildPhase;
			buildActionMask = 2147483647;
			files = (
			);
			runOnlyForDeploymentPostprocessing = 0;
		};
		68B860E32554185400110FEB /* Resources */ = {
			isa = PBXResourcesBuildPhase;
			buildActionMask = 2147483647;
			files = (
			);
			runOnlyForDeploymentPostprocessing = 0;
		};
/* End PBXResourcesBuildPhase section */

/* Begin PBXSourcesBuildPhase section */
		68B860C02554185300110FEB /* Sources */ = {
			isa = PBXSourcesBuildPhase;
			buildActionMask = 2147483647;
			files = (
				68B861F7255A9C1300110FEB /* SavedTasksSheet.swift in Sources */,
				68B860D12554185400110FEB /* Persistence.swift in Sources */,
				68B8613F25574F6600110FEB /* DateSelectionSheet.swift in Sources */,
				6898DF13255CA19600000F3C /* GlobalColor.swift in Sources */,
				68B8613A2556A63200110FEB /* ItemView.swift in Sources */,
				68B860CA2554185300110FEB /* ContentView.swift in Sources */,
				68B860C82554185300110FEB /* TimeBlocked.swift in Sources */,
				68B860D42554185400110FEB /* BaseCoreData.xcdatamodeld in Sources */,
				68B861B8255941A500110FEB /* DateStorage.swift in Sources */,
				68B86201255A9F7800110FEB /* SettingsView.swift in Sources */,
			);
			runOnlyForDeploymentPostprocessing = 0;
		};
		68B860D62554185400110FEB /* Sources */ = {
			isa = PBXSourcesBuildPhase;
			buildActionMask = 2147483647;
			files = (
				68B860DF2554185400110FEB /* BaseCoreDataTests.swift in Sources */,
			);
			runOnlyForDeploymentPostprocessing = 0;
		};
		68B860E12554185400110FEB /* Sources */ = {
			isa = PBXSourcesBuildPhase;
			buildActionMask = 2147483647;
			files = (
				68B860EA2554185400110FEB /* BaseCoreDataUITests.swift in Sources */,
			);
			runOnlyForDeploymentPostprocessing = 0;
		};
/* End PBXSourcesBuildPhase section */

/* Begin PBXTargetDependency section */
		68B860DC2554185400110FEB /* PBXTargetDependency */ = {
			isa = PBXTargetDependency;
			target = 68B860C32554185300110FEB /* ClockBlock */;
			targetProxy = 68B860DB2554185400110FEB /* PBXContainerItemProxy */;
		};
		68B860E72554185400110FEB /* PBXTargetDependency */ = {
			isa = PBXTargetDependency;
			target = 68B860C32554185300110FEB /* ClockBlock */;
			targetProxy = 68B860E62554185400110FEB /* PBXContainerItemProxy */;
		};
/* End PBXTargetDependency section */

/* Begin XCBuildConfiguration section */
		68B860EC2554185400110FEB /* Debug */ = {
			isa = XCBuildConfiguration;
			buildSettings = {
				ALWAYS_SEARCH_USER_PATHS = NO;
				CLANG_ANALYZER_NONNULL = YES;
				CLANG_ANALYZER_NUMBER_OBJECT_CONVERSION = YES_AGGRESSIVE;
				CLANG_CXX_LANGUAGE_STANDARD = "gnu++14";
				CLANG_CXX_LIBRARY = "libc++";
				CLANG_ENABLE_MODULES = YES;
				CLANG_ENABLE_OBJC_ARC = YES;
				CLANG_ENABLE_OBJC_WEAK = YES;
				CLANG_WARN_BLOCK_CAPTURE_AUTORELEASING = YES;
				CLANG_WARN_BOOL_CONVERSION = YES;
				CLANG_WARN_COMMA = YES;
				CLANG_WARN_CONSTANT_CONVERSION = YES;
				CLANG_WARN_DEPRECATED_OBJC_IMPLEMENTATIONS = YES;
				CLANG_WARN_DIRECT_OBJC_ISA_USAGE = YES_ERROR;
				CLANG_WARN_DOCUMENTATION_COMMENTS = YES;
				CLANG_WARN_EMPTY_BODY = YES;
				CLANG_WARN_ENUM_CONVERSION = YES;
				CLANG_WARN_INFINITE_RECURSION = YES;
				CLANG_WARN_INT_CONVERSION = YES;
				CLANG_WARN_NON_LITERAL_NULL_CONVERSION = YES;
				CLANG_WARN_OBJC_IMPLICIT_RETAIN_SELF = YES;
				CLANG_WARN_OBJC_LITERAL_CONVERSION = YES;
				CLANG_WARN_OBJC_ROOT_CLASS = YES_ERROR;
				CLANG_WARN_QUOTED_INCLUDE_IN_FRAMEWORK_HEADER = YES;
				CLANG_WARN_RANGE_LOOP_ANALYSIS = YES;
				CLANG_WARN_STRICT_PROTOTYPES = YES;
				CLANG_WARN_SUSPICIOUS_MOVE = YES;
				CLANG_WARN_UNGUARDED_AVAILABILITY = YES_AGGRESSIVE;
				CLANG_WARN_UNREACHABLE_CODE = YES;
				CLANG_WARN__DUPLICATE_METHOD_MATCH = YES;
				COPY_PHASE_STRIP = NO;
				DEBUG_INFORMATION_FORMAT = dwarf;
				ENABLE_STRICT_OBJC_MSGSEND = YES;
				ENABLE_TESTABILITY = YES;
				GCC_C_LANGUAGE_STANDARD = gnu11;
				GCC_DYNAMIC_NO_PIC = NO;
				GCC_NO_COMMON_BLOCKS = YES;
				GCC_OPTIMIZATION_LEVEL = 0;
				GCC_PREPROCESSOR_DEFINITIONS = (
					"DEBUG=1",
					"$(inherited)",
				);
				GCC_WARN_64_TO_32_BIT_CONVERSION = YES;
				GCC_WARN_ABOUT_RETURN_TYPE = YES_ERROR;
				GCC_WARN_UNDECLARED_SELECTOR = YES;
				GCC_WARN_UNINITIALIZED_AUTOS = YES_AGGRESSIVE;
				GCC_WARN_UNUSED_FUNCTION = YES;
				GCC_WARN_UNUSED_VARIABLE = YES;
				IPHONEOS_DEPLOYMENT_TARGET = 14.1;
				MTL_ENABLE_DEBUG_INFO = INCLUDE_SOURCE;
				MTL_FAST_MATH = YES;
				ONLY_ACTIVE_ARCH = YES;
				SDKROOT = iphoneos;
				SWIFT_ACTIVE_COMPILATION_CONDITIONS = DEBUG;
				SWIFT_OPTIMIZATION_LEVEL = "-Onone";
			};
			name = Debug;
		};
		68B860ED2554185400110FEB /* Release */ = {
			isa = XCBuildConfiguration;
			buildSettings = {
				ALWAYS_SEARCH_USER_PATHS = NO;
				CLANG_ANALYZER_NONNULL = YES;
				CLANG_ANALYZER_NUMBER_OBJECT_CONVERSION = YES_AGGRESSIVE;
				CLANG_CXX_LANGUAGE_STANDARD = "gnu++14";
				CLANG_CXX_LIBRARY = "libc++";
				CLANG_ENABLE_MODULES = YES;
				CLANG_ENABLE_OBJC_ARC = YES;
				CLANG_ENABLE_OBJC_WEAK = YES;
				CLANG_WARN_BLOCK_CAPTURE_AUTORELEASING = YES;
				CLANG_WARN_BOOL_CONVERSION = YES;
				CLANG_WARN_COMMA = YES;
				CLANG_WARN_CONSTANT_CONVERSION = YES;
				CLANG_WARN_DEPRECATED_OBJC_IMPLEMENTATIONS = YES;
				CLANG_WARN_DIRECT_OBJC_ISA_USAGE = YES_ERROR;
				CLANG_WARN_DOCUMENTATION_COMMENTS = YES;
				CLANG_WARN_EMPTY_BODY = YES;
				CLANG_WARN_ENUM_CONVERSION = YES;
				CLANG_WARN_INFINITE_RECURSION = YES;
				CLANG_WARN_INT_CONVERSION = YES;
				CLANG_WARN_NON_LITERAL_NULL_CONVERSION = YES;
				CLANG_WARN_OBJC_IMPLICIT_RETAIN_SELF = YES;
				CLANG_WARN_OBJC_LITERAL_CONVERSION = YES;
				CLANG_WARN_OBJC_ROOT_CLASS = YES_ERROR;
				CLANG_WARN_QUOTED_INCLUDE_IN_FRAMEWORK_HEADER = YES;
				CLANG_WARN_RANGE_LOOP_ANALYSIS = YES;
				CLANG_WARN_STRICT_PROTOTYPES = YES;
				CLANG_WARN_SUSPICIOUS_MOVE = YES;
				CLANG_WARN_UNGUARDED_AVAILABILITY = YES_AGGRESSIVE;
				CLANG_WARN_UNREACHABLE_CODE = YES;
				CLANG_WARN__DUPLICATE_METHOD_MATCH = YES;
				COPY_PHASE_STRIP = NO;
				DEBUG_INFORMATION_FORMAT = "dwarf-with-dsym";
				ENABLE_NS_ASSERTIONS = NO;
				ENABLE_STRICT_OBJC_MSGSEND = YES;
				GCC_C_LANGUAGE_STANDARD = gnu11;
				GCC_NO_COMMON_BLOCKS = YES;
				GCC_WARN_64_TO_32_BIT_CONVERSION = YES;
				GCC_WARN_ABOUT_RETURN_TYPE = YES_ERROR;
				GCC_WARN_UNDECLARED_SELECTOR = YES;
				GCC_WARN_UNINITIALIZED_AUTOS = YES_AGGRESSIVE;
				GCC_WARN_UNUSED_FUNCTION = YES;
				GCC_WARN_UNUSED_VARIABLE = YES;
				IPHONEOS_DEPLOYMENT_TARGET = 14.1;
				MTL_ENABLE_DEBUG_INFO = NO;
				MTL_FAST_MATH = YES;
				SDKROOT = iphoneos;
				SWIFT_COMPILATION_MODE = wholemodule;
				SWIFT_OPTIMIZATION_LEVEL = "-O";
				VALIDATE_PRODUCT = YES;
			};
			name = Release;
		};
		68B860EF2554185400110FEB /* Debug */ = {
			isa = XCBuildConfiguration;
			buildSettings = {
				ASSETCATALOG_COMPILER_APPICON_NAME = AppIcon;
				ASSETCATALOG_COMPILER_GLOBAL_ACCENT_COLOR_NAME = AccentColor;
				CODE_SIGN_STYLE = Automatic;
				CURRENT_PROJECT_VERSION = 2;
				DEVELOPMENT_ASSET_PATHS = "\"TimeBlocked/Preview Content\"";
				DEVELOPMENT_TEAM = 47ZY8XD7YD;
				ENABLE_PREVIEWS = YES;
				INFOPLIST_FILE = TimeBlocked/Info.plist;
				IPHONEOS_DEPLOYMENT_TARGET = 14.0;
				LD_RUNPATH_SEARCH_PATHS = (
					"$(inherited)",
					"@executable_path/Frameworks",
				);
				MARKETING_VERSION = 1.1;
				PRODUCT_BUNDLE_IDENTIFIER = com.brentonbeltrami.ClockBlock;
				PRODUCT_NAME = "$(TARGET_NAME)";
				SWIFT_VERSION = 5.0;
				TARGETED_DEVICE_FAMILY = 1;
			};
			name = Debug;
		};
		68B860F02554185400110FEB /* Release */ = {
			isa = XCBuildConfiguration;
			buildSettings = {
				ASSETCATALOG_COMPILER_APPICON_NAME = AppIcon;
				ASSETCATALOG_COMPILER_GLOBAL_ACCENT_COLOR_NAME = AccentColor;
				CODE_SIGN_STYLE = Automatic;
				CURRENT_PROJECT_VERSION = 2;
				DEVELOPMENT_ASSET_PATHS = "\"TimeBlocked/Preview Content\"";
				DEVELOPMENT_TEAM = 47ZY8XD7YD;
				ENABLE_PREVIEWS = YES;
				INFOPLIST_FILE = TimeBlocked/Info.plist;
				IPHONEOS_DEPLOYMENT_TARGET = 14.0;
				LD_RUNPATH_SEARCH_PATHS = (
					"$(inherited)",
					"@executable_path/Frameworks",
				);
				MARKETING_VERSION = 1.1;
				PRODUCT_BUNDLE_IDENTIFIER = com.brentonbeltrami.ClockBlock;
				PRODUCT_NAME = "$(TARGET_NAME)";
				SWIFT_VERSION = 5.0;
				TARGETED_DEVICE_FAMILY = 1;
			};
			name = Release;
		};
		68B860F22554185400110FEB /* Debug */ = {
			isa = XCBuildConfiguration;
			buildSettings = {
				ALWAYS_EMBED_SWIFT_STANDARD_LIBRARIES = YES;
				BUNDLE_LOADER = "$(TEST_HOST)";
				CODE_SIGN_STYLE = Automatic;
				INFOPLIST_FILE = BaseCoreDataTests/Info.plist;
				IPHONEOS_DEPLOYMENT_TARGET = 14.0;
				LD_RUNPATH_SEARCH_PATHS = (
					"$(inherited)",
					"@executable_path/Frameworks",
					"@loader_path/Frameworks",
				);
				PRODUCT_BUNDLE_IDENTIFIER = com.brentonbeltrami.BaseCoreDataTests;
				PRODUCT_NAME = "$(TARGET_NAME)";
				SWIFT_VERSION = 5.0;
				TARGETED_DEVICE_FAMILY = "1,2";
				TEST_HOST = "$(BUILT_PRODUCTS_DIR)/ClockBlock.app/ClockBlock";
			};
			name = Debug;
		};
		68B860F32554185400110FEB /* Release */ = {
			isa = XCBuildConfiguration;
			buildSettings = {
				ALWAYS_EMBED_SWIFT_STANDARD_LIBRARIES = YES;
				BUNDLE_LOADER = "$(TEST_HOST)";
				CODE_SIGN_STYLE = Automatic;
				INFOPLIST_FILE = BaseCoreDataTests/Info.plist;
				IPHONEOS_DEPLOYMENT_TARGET = 14.0;
				LD_RUNPATH_SEARCH_PATHS = (
					"$(inherited)",
					"@executable_path/Frameworks",
					"@loader_path/Frameworks",
				);
				PRODUCT_BUNDLE_IDENTIFIER = com.brentonbeltrami.BaseCoreDataTests;
				PRODUCT_NAME = "$(TARGET_NAME)";
				SWIFT_VERSION = 5.0;
				TARGETED_DEVICE_FAMILY = "1,2";
				TEST_HOST = "$(BUILT_PRODUCTS_DIR)/ClockBlock.app/ClockBlock";
			};
			name = Release;
		};
		68B860F52554185400110FEB /* Debug */ = {
			isa = XCBuildConfiguration;
			buildSettings = {
				ALWAYS_EMBED_SWIFT_STANDARD_LIBRARIES = YES;
				CODE_SIGN_STYLE = Automatic;
				INFOPLIST_FILE = BaseCoreDataUITests/Info.plist;
				LD_RUNPATH_SEARCH_PATHS = (
					"$(inherited)",
					"@executable_path/Frameworks",
					"@loader_path/Frameworks",
				);
				PRODUCT_BUNDLE_IDENTIFIER = com.brentonbeltrami.BaseCoreDataUITests;
				PRODUCT_NAME = "$(TARGET_NAME)";
				SWIFT_VERSION = 5.0;
				TARGETED_DEVICE_FAMILY = "1,2";
				TEST_TARGET_NAME = BaseCoreData;
			};
			name = Debug;
		};
		68B860F62554185400110FEB /* Release */ = {
			isa = XCBuildConfiguration;
			buildSettings = {
				ALWAYS_EMBED_SWIFT_STANDARD_LIBRARIES = YES;
				CODE_SIGN_STYLE = Automatic;
				INFOPLIST_FILE = BaseCoreDataUITests/Info.plist;
				LD_RUNPATH_SEARCH_PATHS = (
					"$(inherited)",
					"@executable_path/Frameworks",
					"@loader_path/Frameworks",
				);
				PRODUCT_BUNDLE_IDENTIFIER = com.brentonbeltrami.BaseCoreDataUITests;
				PRODUCT_NAME = "$(TARGET_NAME)";
				SWIFT_VERSION = 5.0;
				TARGETED_DEVICE_FAMILY = "1,2";
				TEST_TARGET_NAME = BaseCoreData;
			};
			name = Release;
		};
/* End XCBuildConfiguration section */

/* Begin XCConfigurationList section */
		68B860BF2554185300110FEB /* Build configuration list for PBXProject "ClockBlock" */ = {
			isa = XCConfigurationList;
			buildConfigurations = (
				68B860EC2554185400110FEB /* Debug */,
				68B860ED2554185400110FEB /* Release */,
			);
			defaultConfigurationIsVisible = 0;
			defaultConfigurationName = Release;
		};
		68B860EE2554185400110FEB /* Build configuration list for PBXNativeTarget "ClockBlock" */ = {
			isa = XCConfigurationList;
			buildConfigurations = (
				68B860EF2554185400110FEB /* Debug */,
				68B860F02554185400110FEB /* Release */,
			);
			defaultConfigurationIsVisible = 0;
			defaultConfigurationName = Release;
		};
		68B860F12554185400110FEB /* Build configuration list for PBXNativeTarget "ClockBlockTests" */ = {
			isa = XCConfigurationList;
			buildConfigurations = (
				68B860F22554185400110FEB /* Debug */,
				68B860F32554185400110FEB /* Release */,
			);
			defaultConfigurationIsVisible = 0;
			defaultConfigurationName = Release;
		};
		68B860F42554185400110FEB /* Build configuration list for PBXNativeTarget "ClockBlockUITests" */ = {
			isa = XCConfigurationList;
			buildConfigurations = (
				68B860F52554185400110FEB /* Debug */,
				68B860F62554185400110FEB /* Release */,
			);
			defaultConfigurationIsVisible = 0;
			defaultConfigurationName = Release;
		};
/* End XCConfigurationList section */

/* Begin XCVersionGroup section */
		68B860D22554185400110FEB /* BaseCoreData.xcdatamodeld */ = {
			isa = XCVersionGroup;
			children = (
				68B860D32554185400110FEB /* BaseCoreData.xcdatamodel */,
			);
			currentVersion = 68B860D32554185400110FEB /* BaseCoreData.xcdatamodel */;
			path = BaseCoreData.xcdatamodeld;
			sourceTree = "<group>";
			versionGroupType = wrapper.xcdatamodel;
		};
/* End XCVersionGroup section */
	};
	rootObject = 68B860BC2554185300110FEB /* Project object */;
}
